
Microsoft Visual Studio Solution File, Format Version 12.00
# Visual Studio 2012
Project("{FAE04EC0-301F-11D3-BF4B-00C04F79EFBC}") = "Radar", "Radar\Radar.csproj", "{4F6E7A20-D52A-4095-9A51-36CAF29E7106}"
EndProject
Project("{FAE04EC0-301F-11D3-BF4B-00C04F79EFBC}") = "Canhao", "Canhao\Canhao.csproj", "{1EFAAC8C-CE09-40F1-90A3-1BA459909BD7}"
EndProject
Global
	GlobalSection(SolutionConfigurationPlatforms) = preSolution
		Debug|Any CPU = Debug|Any CPU
		Release|Any CPU = Release|Any CPU
	EndGlobalSection
	GlobalSection(ProjectConfigurationPlatforms) = postSolution
		{4F6E7A20-D52A-4095-9A51-36CAF29E7106}.Debug|Any CPU.ActiveCfg = Debug|Any CPU
		{4F6E7A20-D52A-4095-9A51-36CAF29E7106}.Debug|Any CPU.Build.0 = Debug|Any CPU
		{4F6E7A20-D52A-4095-9A51-36CAF29E7106}.Release|Any CPU.ActiveCfg = Release|Any CPU
		{4F6E7A20-D52A-4095-9A51-36CAF29E7106}.Release|Any CPU.Build.0 = Release|Any CPU
		{1EFAAC8C-CE09-40F1-90A3-1BA459909BD7}.Debug|Any CPU.ActiveCfg = Debug|Any CPU
		{1EFAAC8C-CE09-40F1-90A3-1BA459909BD7}.Debug|Any CPU.Build.0 = Debug|Any CPU
		{1EFAAC8C-CE09-40F1-90A3-1BA459909BD7}.Release|Any CPU.ActiveCfg = Release|Any CPU
		{1EFAAC8C-CE09-40F1-90A3-1BA459909BD7}.Release|Any CPU.Build.0 = Release|Any CPU
	EndGlobalSection
	GlobalSection(SolutionProperties) = preSolution
		HideSolutionNode = FALSE
	EndGlobalSection
EndGlobal
